
Microsoft Visual Studio Solution File, Format Version 12.00
# Visual Studio 15
VisualStudioVersion = 15.0.27428.2015
MinimumVisualStudioVersion = 10.0.40219.1
Project("{FAE04EC0-301F-11D3-BF4B-00C04F79EFBC}") = "TestTask.ShortestWay", "TestTask.ShortestWay\TestTask.ShortestWay.csproj", "{F32C7ABE-6747-43A8-BA13-7C62C7D8130C}"
EndProject
Global
	GlobalSection(SolutionConfigurationPlatforms) = preSolution
		Debug|Any CPU = Debug|Any CPU
		Release|Any CPU = Release|Any CPU
	EndGlobalSection
	GlobalSection(ProjectConfigurationPlatforms) = postSolution
		{F32C7ABE-6747-43A8-BA13-7C62C7D8130C}.Debug|Any CPU.ActiveCfg = Debug|Any CPU
		{F32C7ABE-6747-43A8-BA13-7C62C7D8130C}.Debug|Any CPU.Build.0 = Debug|Any CPU
		{F32C7ABE-6747-43A8-BA13-7C62C7D8130C}.Release|Any CPU.ActiveCfg = Release|Any CPU
		{F32C7ABE-6747-43A8-BA13-7C62C7D8130C}.Release|Any CPU.Build.0 = Release|Any CPU
	EndGlobalSection
	GlobalSection(SolutionProperties) = preSolution
		HideSolutionNode = FALSE
	EndGlobalSection
	GlobalSection(ExtensibilityGlobals) = postSolution
		SolutionGuid = {1066372F-14A4-4F4E-9893-79B6705414CB}
	EndGlobalSection
EndGlobal
